{
  "name": "projecteuler",
  "lockfileVersion": 2,
  "requires": true,
  "packages": {
    "": {
      "dependencies": {
        "asnyc": "^0.0.1-security",
        "async": "^3.2.4"
      }
    },
    "node_modules/asnyc": {
      "version": "0.0.1-security",
      "resolved": "https://registry.npmjs.org/asnyc/-/asnyc-0.0.1-security.tgz",
      "integrity": "sha512-yOet8fDhSiI7GN0hSaP2772wJ0vyQIkEhS5i1wc+ASf/h8PBI246H+xsghUs1NV8QlISKTNk2iJYkunwmpbcKg=="
    },
    "node_modules/async": {
      "version": "3.2.4",
      "resolved": "https://registry.npmjs.org/async/-/async-3.2.4.tgz",
      "integrity": "sha512-iAB+JbDEGXhyIUavoDl9WP/Jj106Kz9DEn1DPgYw5ruDn0e3Wgi3sKFm55sASdGBNOQB8F59d9qQ7deqrHA8wQ=="
    }
  },
  "dependencies": {
    "asnyc": {
      "version": "0.0.1-security",
      "resolved": "https://registry.npmjs.org/asnyc/-/asnyc-0.0.1-security.tgz",
      "integrity": "sha512-yOet8fDhSiI7GN0hSaP2772wJ0vyQIkEhS5i1wc+ASf/h8PBI246H+xsghUs1NV8QlISKTNk2iJYkunwmpbcKg=="
    },
    "async": {
      "version": "3.2.4",
      "resolved": "https://registry.npmjs.org/async/-/async-3.2.4.tgz",
      "integrity": "sha512-iAB+JbDEGXhyIUavoDl9WP/Jj106Kz9DEn1DPgYw5ruDn0e3Wgi3sKFm55sASdGBNOQB8F59d9qQ7deqrHA8wQ=="
    }
  }
}
